
Microsoft Visual Studio Solution File, Format Version 12.00
# Visual Studio Version 17
VisualStudioVersion = 17.6.33723.286
MinimumVisualStudioVersion = 10.0.40219.1
Project("{FAE04EC0-301F-11D3-BF4B-00C04F79EFBC}") = "HolidayWS", "HolidayWS\HolidayWS.csproj", "{46A01230-D4A5-42EE-837B-531A83C91DCF}"
EndProject
Global
	GlobalSection(SolutionConfigurationPlatforms) = preSolution
		Debug|Any CPU = Debug|Any CPU
		Release|Any CPU = Release|Any CPU
	EndGlobalSection
	GlobalSection(ProjectConfigurationPlatforms) = postSolution
		{46A01230-D4A5-42EE-837B-531A83C91DCF}.Debug|Any CPU.ActiveCfg = Debug|Any CPU
		{46A01230-D4A5-42EE-837B-531A83C91DCF}.Debug|Any CPU.Build.0 = Debug|Any CPU
		{46A01230-D4A5-42EE-837B-531A83C91DCF}.Release|Any CPU.ActiveCfg = Release|Any CPU
		{46A01230-D4A5-42EE-837B-531A83C91DCF}.Release|Any CPU.Build.0 = Release|Any CPU
	EndGlobalSection
	GlobalSection(SolutionProperties) = preSolution
		HideSolutionNode = FALSE
	EndGlobalSection
	GlobalSection(ExtensibilityGlobals) = postSolution
		SolutionGuid = {4B53FC51-9B86-4621-A024-C6A22667393F}
	EndGlobalSection
EndGlobal
